
Microsoft Visual Studio Solution File, Format Version 12.00
# Visual Studio Version 17
VisualStudioVersion = 17.5.33516.290
MinimumVisualStudioVersion = 10.0.40219.1
Project("{FAE04EC0-301F-11D3-BF4B-00C04F79EFBC}") = "CountryAPI", "CountryAPI\CountryAPI.csproj", "{14F8E123-90B1-4D3A-B5D3-DE86126E637C}"
EndProject
Global
	GlobalSection(SolutionConfigurationPlatforms) = preSolution
		Debug|Any CPU = Debug|Any CPU
		Release|Any CPU = Release|Any CPU
	EndGlobalSection
	GlobalSection(ProjectConfigurationPlatforms) = postSolution
		{14F8E123-90B1-4D3A-B5D3-DE86126E637C}.Debug|Any CPU.ActiveCfg = Debug|Any CPU
		{14F8E123-90B1-4D3A-B5D3-DE86126E637C}.Debug|Any CPU.Build.0 = Debug|Any CPU
		{14F8E123-90B1-4D3A-B5D3-DE86126E637C}.Release|Any CPU.ActiveCfg = Release|Any CPU
		{14F8E123-90B1-4D3A-B5D3-DE86126E637C}.Release|Any CPU.Build.0 = Release|Any CPU
	EndGlobalSection
	GlobalSection(SolutionProperties) = preSolution
		HideSolutionNode = FALSE
	EndGlobalSection
	GlobalSection(ExtensibilityGlobals) = postSolution
		SolutionGuid = {32CD860C-CCFE-45B6-91AB-1B9A50884CA7}
	EndGlobalSection
EndGlobal
